
Microsoft Visual Studio Solution File, Format Version 12.00
# Visual Studio Version 17
VisualStudioVersion = 17.8.34309.116
MinimumVisualStudioVersion = 10.0.40219.1
Project("{FAE04EC0-301F-11D3-BF4B-00C04F79EFBC}") = "Jira2Harvest", "src\Jira2Harvest\Jira2Harvest.csproj", "{F3C77156-36B5-4F0E-A6BA-F0B85FAD897D}"
EndProject
Global
	GlobalSection(SolutionConfigurationPlatforms) = preSolution
		Debug|Any CPU = Debug|Any CPU
		Release|Any CPU = Release|Any CPU
	EndGlobalSection
	GlobalSection(ProjectConfigurationPlatforms) = postSolution
		{F3C77156-36B5-4F0E-A6BA-F0B85FAD897D}.Debug|Any CPU.ActiveCfg = Debug|Any CPU
		{F3C77156-36B5-4F0E-A6BA-F0B85FAD897D}.Debug|Any CPU.Build.0 = Debug|Any CPU
		{F3C77156-36B5-4F0E-A6BA-F0B85FAD897D}.Release|Any CPU.ActiveCfg = Release|Any CPU
		{F3C77156-36B5-4F0E-A6BA-F0B85FAD897D}.Release|Any CPU.Build.0 = Release|Any CPU
	EndGlobalSection
	GlobalSection(SolutionProperties) = preSolution
		HideSolutionNode = FALSE
	EndGlobalSection
	GlobalSection(ExtensibilityGlobals) = postSolution
		SolutionGuid = {4ABD1008-5D04-4073-A8FD-B8B2124D5785}
	EndGlobalSection
EndGlobal
